
Microsoft Visual Studio Solution File, Format Version 12.00
# Visual Studio 15
VisualStudioVersion = 15.0.28307.705
MinimumVisualStudioVersion = 10.0.40219.1
Project("{DA7A21FA-8162-4350-AD77-A8D1B671F3ED}") = "Winter", "Winter.rxproj", "{DB5FB41B-550E-40CB-B051-483C881337DF}"
EndProject
Global
	GlobalSection(SolutionConfigurationPlatforms) = preSolution
		Debug|Any CPU = Debug|Any CPU
		Release|Any CPU = Release|Any CPU
	EndGlobalSection
	GlobalSection(ProjectConfigurationPlatforms) = postSolution
		{DB5FB41B-550E-40CB-B051-483C881337DF}.Debug|Any CPU.ActiveCfg = Debug|Any CPU
		{DB5FB41B-550E-40CB-B051-483C881337DF}.Debug|Any CPU.Build.0 = Debug|Any CPU
		{DB5FB41B-550E-40CB-B051-483C881337DF}.Release|Any CPU.ActiveCfg = Release|Any CPU
		{DB5FB41B-550E-40CB-B051-483C881337DF}.Release|Any CPU.Build.0 = Release|Any CPU
	EndGlobalSection
	GlobalSection(SolutionProperties) = preSolution
		HideSolutionNode = FALSE
	EndGlobalSection
	GlobalSection(ExtensibilityGlobals) = postSolution
		SolutionGuid = {72824B06-C680-4518-B942-DE9FD55CEA19}
	EndGlobalSection
EndGlobal
